
Microsoft Visual Studio Solution File, Format Version 12.00
# Visual Studio 14
VisualStudioVersion = 14.0.23107.0
MinimumVisualStudioVersion = 10.0.40219.1
Project("{FAE04EC0-301F-11D3-BF4B-00C04F79EFBC}") = "Quiron.LojaVirtual.Dominio", "Quiron.LojaVirtual.Dominio\Quiron.LojaVirtual.Dominio.csproj", "{A81B0E35-56E6-4BA8-B0F4-7A1D95B1B8FC}"
EndProject
Project("{FAE04EC0-301F-11D3-BF4B-00C04F79EFBC}") = "Quiron.LojaVirtual.Web", "Quiron.LojaVirtual.Web\Quiron.LojaVirtual.Web.csproj", "{037E2745-0529-42D1-98EC-E74196032A1E}"
EndProject
Project("{FAE04EC0-301F-11D3-BF4B-00C04F79EFBC}") = "Quiron.LojaVirtual.UnitTest", "Quiron.LojaVirtual.UnitTest\Quiron.LojaVirtual.UnitTest.csproj", "{CC500A1A-DF1B-49FC-B137-C021DD325A58}"
EndProject
Global
	GlobalSection(SolutionConfigurationPlatforms) = preSolution
		Debug|Any CPU = Debug|Any CPU
		Release|Any CPU = Release|Any CPU
	EndGlobalSection
	GlobalSection(ProjectConfigurationPlatforms) = postSolution
		{A81B0E35-56E6-4BA8-B0F4-7A1D95B1B8FC}.Debug|Any CPU.ActiveCfg = Debug|Any CPU
		{A81B0E35-56E6-4BA8-B0F4-7A1D95B1B8FC}.Debug|Any CPU.Build.0 = Debug|Any CPU
		{A81B0E35-56E6-4BA8-B0F4-7A1D95B1B8FC}.Release|Any CPU.ActiveCfg = Release|Any CPU
		{A81B0E35-56E6-4BA8-B0F4-7A1D95B1B8FC}.Release|Any CPU.Build.0 = Release|Any CPU
		{037E2745-0529-42D1-98EC-E74196032A1E}.Debug|Any CPU.ActiveCfg = Debug|Any CPU
		{037E2745-0529-42D1-98EC-E74196032A1E}.Debug|Any CPU.Build.0 = Debug|Any CPU
		{037E2745-0529-42D1-98EC-E74196032A1E}.Release|Any CPU.ActiveCfg = Release|Any CPU
		{037E2745-0529-42D1-98EC-E74196032A1E}.Release|Any CPU.Build.0 = Release|Any CPU
		{CC500A1A-DF1B-49FC-B137-C021DD325A58}.Debug|Any CPU.ActiveCfg = Debug|Any CPU
		{CC500A1A-DF1B-49FC-B137-C021DD325A58}.Debug|Any CPU.Build.0 = Debug|Any CPU
		{CC500A1A-DF1B-49FC-B137-C021DD325A58}.Release|Any CPU.ActiveCfg = Release|Any CPU
		{CC500A1A-DF1B-49FC-B137-C021DD325A58}.Release|Any CPU.Build.0 = Release|Any CPU
	EndGlobalSection
	GlobalSection(SolutionProperties) = preSolution
		HideSolutionNode = FALSE
	EndGlobalSection
EndGlobal
